// !$*UTF8*$!
{
	archiveVersion = 1;
	classes = {
	};
	objectVersion = 56;
	objects = {

/* Begin PBXBuildFile section */
		9F08C92B299F664D00E9E776 /* Explorer.swift in Sources */ = {isa = PBXBuildFile; fileRef = 9F08C92A299F664D00E9E776 /* Explorer.swift */; };
		9F08C92D299F666000E9E776 /* ProductRow.swift in Sources */ = {isa = PBXBuildFile; fileRef = 9F08C92C299F666000E9E776 /* ProductRow.swift */; };
		9F2D68DF29ADE20C002B0650 /* Product.swift in Sources */ = {isa = PBXBuildFile; fileRef = 9F2D68DE29ADE20C002B0650 /* Product.swift */; };
		9F2D68E129ADE21A002B0650 /* User.swift in Sources */ = {isa = PBXBuildFile; fileRef = 9F2D68E029ADE21A002B0650 /* User.swift */; };
		9F2D68E329ADE35B002B0650 /* Store.swift in Sources */ = {isa = PBXBuildFile; fileRef = 9F2D68E229ADE35B002B0650 /* Store.swift */; };
		9FE2E07229B1E32800AB2257 /* ProfileView.swift in Sources */ = {isa = PBXBuildFile; fileRef = 9FE2E07129B1E32800AB2257 /* ProfileView.swift */; };
		9FE2E07429B1E35200AB2257 /* LikedView.swift in Sources */ = {isa = PBXBuildFile; fileRef = 9FE2E07329B1E35200AB2257 /* LikedView.swift */; };
		9FE2E07629B1E39C00AB2257 /* MainView.swift in Sources */ = {isa = PBXBuildFile; fileRef = 9FE2E07529B1E39C00AB2257 /* MainView.swift */; };
		9FFA211A298BEC9D001B2D6E /* AirCnC_SwiftUIApp.swift in Sources */ = {isa = PBXBuildFile; fileRef = 9FFA2119298BEC9D001B2D6E /* AirCnC_SwiftUIApp.swift */; };
		9FFA211C298BEC9D001B2D6E /* ContentView.swift in Sources */ = {isa = PBXBuildFile; fileRef = 9FFA211B298BEC9D001B2D6E /* ContentView.swift */; };
		9FFA211E298BEC9E001B2D6E /* Assets.xcassets in Resources */ = {isa = PBXBuildFile; fileRef = 9FFA211D298BEC9E001B2D6E /* Assets.xcassets */; };
		9FFA2121298BEC9E001B2D6E /* Preview Assets.xcassets in Resources */ = {isa = PBXBuildFile; fileRef = 9FFA2120298BEC9E001B2D6E /* Preview Assets.xcassets */; };
/* End PBXBuildFile section */

/* Begin PBXFileReference section */
		9F08C92A299F664D00E9E776 /* Explorer.swift */ = {isa = PBXFileReference; lastKnownFileType = sourcecode.swift; path = Explorer.swift; sourceTree = "<group>"; };
		9F08C92C299F666000E9E776 /* ProductRow.swift */ = {isa = PBXFileReference; lastKnownFileType = sourcecode.swift; path = ProductRow.swift; sourceTree = "<group>"; };
		9F2D68DE29ADE20C002B0650 /* Product.swift */ = {isa = PBXFileReference; lastKnownFileType = sourcecode.swift; path = Product.swift; sourceTree = "<group>"; };
		9F2D68E029ADE21A002B0650 /* User.swift */ = {isa = PBXFileReference; lastKnownFileType = sourcecode.swift; path = User.swift; sourceTree = "<group>"; };
		9F2D68E229ADE35B002B0650 /* Store.swift */ = {isa = PBXFileReference; lastKnownFileType = sourcecode.swift; path = Store.swift; sourceTree = "<group>"; };
		9FE2E07129B1E32800AB2257 /* ProfileView.swift */ = {isa = PBXFileReference; lastKnownFileType = sourcecode.swift; path = ProfileView.swift; sourceTree = "<group>"; };
		9FE2E07329B1E35200AB2257 /* LikedView.swift */ = {isa = PBXFileReference; lastKnownFileType = sourcecode.swift; path = LikedView.swift; sourceTree = "<group>"; };
		9FE2E07529B1E39C00AB2257 /* MainView.swift */ = {isa = PBXFileReference; lastKnownFileType = sourcecode.swift; path = MainView.swift; sourceTree = "<group>"; };
		9FFA2116298BEC9D001B2D6E /* AirCnC_SwiftUI.app */ = {isa = PBXFileReference; explicitFileType = wrapper.application; includeInIndex = 0; path = AirCnC_SwiftUI.app; sourceTree = BUILT_PRODUCTS_DIR; };
		9FFA2119298BEC9D001B2D6E /* AirCnC_SwiftUIApp.swift */ = {isa = PBXFileReference; lastKnownFileType = sourcecode.swift; path = AirCnC_SwiftUIApp.swift; sourceTree = "<group>"; };
		9FFA211B298BEC9D001B2D6E /* ContentView.swift */ = {isa = PBXFileReference; lastKnownFileType = sourcecode.swift; path = ContentView.swift; sourceTree = "<group>"; };
		9FFA211D298BEC9E001B2D6E /* Assets.xcassets */ = {isa = PBXFileReference; lastKnownFileType = folder.assetcatalog; path = Assets.xcassets; sourceTree = "<group>"; };
		9FFA2120298BEC9E001B2D6E /* Preview Assets.xcassets */ = {isa = PBXFileReference; lastKnownFileType = folder.assetcatalog; path = "Preview Assets.xcassets"; sourceTree = "<group>"; };
/* End PBXFileReference section */

/* Begin PBXFrameworksBuildPhase section */
		9FFA2113298BEC9D001B2D6E /* Frameworks */ = {
			isa = PBXFrameworksBuildPhase;
			buildActionMask = 2147483647;
			files = (
			);
			runOnlyForDeploymentPostprocessing = 0;
		};
/* End PBXFrameworksBuildPhase section */

/* Begin PBXGroup section */
		9F2D68E429ADE409002B0650 /* Model */ = {
			isa = PBXGroup;
			children = (
				9F2D68DE29ADE20C002B0650 /* Product.swift */,
				9F2D68E029ADE21A002B0650 /* User.swift */,
				9F2D68E229ADE35B002B0650 /* Store.swift */,
			);
			path = Model;
			sourceTree = "<group>";
		};
		9FFA210D298BEC9D001B2D6E = {
			isa = PBXGroup;
			children = (
				9FFA2118298BEC9D001B2D6E /* AirCnC_SwiftUI */,
				9FFA2117298BEC9D001B2D6E /* Products */,
			);
			sourceTree = "<group>";
		};
		9FFA2117298BEC9D001B2D6E /* Products */ = {
			isa = PBXGroup;
			children = (
				9FFA2116298BEC9D001B2D6E /* AirCnC_SwiftUI.app */,
			);
			name = Products;
			sourceTree = "<group>";
		};
		9FFA2118298BEC9D001B2D6E /* AirCnC_SwiftUI */ = {
			isa = PBXGroup;
			children = (
				9FFA2119298BEC9D001B2D6E /* AirCnC_SwiftUIApp.swift */,
				9FE2E07529B1E39C00AB2257 /* MainView.swift */,
				9F08C92A299F664D00E9E776 /* Explorer.swift */,
				9F08C92C299F666000E9E776 /* ProductRow.swift */,
				9FFA211B298BEC9D001B2D6E /* ContentView.swift */,
				9FFA211D298BEC9E001B2D6E /* Assets.xcassets */,
				9F2D68E429ADE409002B0650 /* Model */,
				9FFA211F298BEC9E001B2D6E /* Preview Content */,
				9FE2E07329B1E35200AB2257 /* LikedView.swift */,
				9FE2E07129B1E32800AB2257 /* ProfileView.swift */,
			);
			path = AirCnC_SwiftUI;
			sourceTree = "<group>";
		};
		9FFA211F298BEC9E001B2D6E /* Preview Content */ = {
			isa = PBXGroup;
			children = (
				9FFA2120298BEC9E001B2D6E /* Preview Assets.xcassets */,
			);
			path = "Preview Content";
			sourceTree = "<group>";
		};
/* End PBXGroup section */

/* Begin PBXNativeTarget section */
		9FFA2115298BEC9D001B2D6E /* AirCnC_SwiftUI */ = {
			isa = PBXNativeTarget;
			buildConfigurationList = 9FFA2124298BEC9E001B2D6E /* Build configuration list for PBXNativeTarget "AirCnC_SwiftUI" */;
			buildPhases = (
				9FFA2112298BEC9D001B2D6E /* Sources */,
				9FFA2113298BEC9D001B2D6E /* Frameworks */,
				9FFA2114298BEC9D001B2D6E /* Resources */,
			);
			buildRules = (
			);
			dependencies = (
			);
			name = AirCnC_SwiftUI;
			productName = AirCnC_SwiftUI;
			productReference = 9FFA2116298BEC9D001B2D6E /* AirCnC_SwiftUI.app */;
			productType = "com.apple.product-type.application";
		};
/* End PBXNativeTarget section */

/* Begin PBXProject section */
		9FFA210E298BEC9D001B2D6E /* Project object */ = {
			isa = PBXProject;
			attributes = {
				BuildIndependentTargetsInParallel = 1;
				LastSwiftUpdateCheck = 1420;
				LastUpgradeCheck = 1420;
				TargetAttributes = {
					9FFA2115298BEC9D001B2D6E = {
						CreatedOnToolsVersion = 14.2;
					};
				};
			};
			buildConfigurationList = 9FFA2111298BEC9D001B2D6E /* Build configuration list for PBXProject "AirCnC_SwiftUI" */;
			compatibilityVersion = "Xcode 14.0";
			developmentRegion = en;
			hasScannedForEncodings = 0;
			knownRegions = (
				en,
				Base,
			);
			mainGroup = 9FFA210D298BEC9D001B2D6E;
			productRefGroup = 9FFA2117298BEC9D001B2D6E /* Products */;
			projectDirPath = "";
			projectRoot = "";
			targets = (
				9FFA2115298BEC9D001B2D6E /* AirCnC_SwiftUI */,
			);
		};
/* End PBXProject section */

/* Begin PBXResourcesBuildPhase section */
		9FFA2114298BEC9D001B2D6E /* Resources */ = {
			isa = PBXResourcesBuildPhase;
			buildActionMask = 2147483647;
			files = (
				9FFA2121298BEC9E001B2D6E /* Preview Assets.xcassets in Resources */,
				9FFA211E298BEC9E001B2D6E /* Assets.xcassets in Resources */,
			);
			runOnlyForDeploymentPostprocessing = 0;
		};
/* End PBXResourcesBuildPhase section */

/* Begin PBXSourcesBuildPhase section */
		9FFA2112298BEC9D001B2D6E /* Sources */ = {
			isa = PBXSourcesBuildPhase;
			buildActionMask = 2147483647;
			files = (
				9FE2E07229B1E32800AB2257 /* ProfileView.swift in Sources */,
				9F2D68E329ADE35B002B0650 /* Store.swift in Sources */,
				9F08C92D299F666000E9E776 /* ProductRow.swift in Sources */,
				9FE2E07629B1E39C00AB2257 /* MainView.swift in Sources */,
				9F08C92B299F664D00E9E776 /* Explorer.swift in Sources */,
				9F2D68E129ADE21A002B0650 /* User.swift in Sources */,
				9F2D68DF29ADE20C002B0650 /* Product.swift in Sources */,
				9FE2E07429B1E35200AB2257 /* LikedView.swift in Sources */,
				9FFA211C298BEC9D001B2D6E /* ContentView.swift in Sources */,
				9FFA211A298BEC9D001B2D6E /* AirCnC_SwiftUIApp.swift in Sources */,
			);
			runOnlyForDeploymentPostprocessing = 0;
		};
/* End PBXSourcesBuildPhase section */

/* Begin XCBuildConfiguration section */
		9FFA2122298BEC9E001B2D6E /* Debug */ = {
			isa = XCBuildConfiguration;
			buildSettings = {
				ALWAYS_SEARCH_USER_PATHS = NO;
				CLANG_ANALYZER_NONNULL = YES;
				CLANG_ANALYZER_NUMBER_OBJECT_CONVERSION = YES_AGGRESSIVE;
				CLANG_CXX_LANGUAGE_STANDARD = "gnu++20";
				CLANG_ENABLE_MODULES = YES;
				CLANG_ENABLE_OBJC_ARC = YES;
				CLANG_ENABLE_OBJC_WEAK = YES;
				CLANG_WARN_BLOCK_CAPTURE_AUTORELEASING = YES;
				CLANG_WARN_BOOL_CONVERSION = YES;
				CLANG_WARN_COMMA = YES;
				CLANG_WARN_CONSTANT_CONVERSION = YES;
				CLANG_WARN_DEPRECATED_OBJC_IMPLEMENTATIONS = YES;
				CLANG_WARN_DIRECT_OBJC_ISA_USAGE = YES_ERROR;
				CLANG_WARN_DOCUMENTATION_COMMENTS = YES;
				CLANG_WARN_EMPTY_BODY = YES;
				CLANG_WARN_ENUM_CONVERSION = YES;
				CLANG_WARN_INFINITE_RECURSION = YES;
				CLANG_WARN_INT_CONVERSION = YES;
				CLANG_WARN_NON_LITERAL_NULL_CONVERSION = YES;
				CLANG_WARN_OBJC_IMPLICIT_RETAIN_SELF = YES;
				CLANG_WARN_OBJC_LITERAL_CONVERSION = YES;
				CLANG_WARN_OBJC_ROOT_CLASS = YES_ERROR;
				CLANG_WARN_QUOTED_INCLUDE_IN_FRAMEWORK_HEADER = YES;
				CLANG_WARN_RANGE_LOOP_ANALYSIS = YES;
				CLANG_WARN_STRICT_PROTOTYPES = YES;
				CLANG_WARN_SUSPICIOUS_MOVE = YES;
				CLANG_WARN_UNGUARDED_AVAILABILITY = YES_AGGRESSIVE;
				CLANG_WARN_UNREACHABLE_CODE = YES;
				CLANG_WARN__DUPLICATE_METHOD_MATCH = YES;
				COPY_PHASE_STRIP = NO;
				DEBUG_INFORMATION_FORMAT = dwarf;
				ENABLE_STRICT_OBJC_MSGSEND = YES;
				ENABLE_TESTABILITY = YES;
				GCC_C_LANGUAGE_STANDARD = gnu11;
				GCC_DYNAMIC_NO_PIC = NO;
				GCC_NO_COMMON_BLOCKS = YES;
				GCC_OPTIMIZATION_LEVEL = 0;
				GCC_PREPROCESSOR_DEFINITIONS = (
					"DEBUG=1",
					"$(inherited)",
				);
				GCC_WARN_64_TO_32_BIT_CONVERSION = YES;
				GCC_WARN_ABOUT_RETURN_TYPE = YES_ERROR;
				GCC_WARN_UNDECLARED_SELECTOR = YES;
				GCC_WARN_UNINITIALIZED_AUTOS = YES_AGGRESSIVE;
				GCC_WARN_UNUSED_FUNCTION = YES;
				GCC_WARN_UNUSED_VARIABLE = YES;
				IPHONEOS_DEPLOYMENT_TARGET = 16.2;
				MTL_ENABLE_DEBUG_INFO = INCLUDE_SOURCE;
				MTL_FAST_MATH = YES;
				ONLY_ACTIVE_ARCH = YES;
				SDKROOT = iphoneos;
				SWIFT_ACTIVE_COMPILATION_CONDITIONS = DEBUG;
				SWIFT_OPTIMIZATION_LEVEL = "-Onone";
			};
			name = Debug;
		};
		9FFA2123298BEC9E001B2D6E /* Release */ = {
			isa = XCBuildConfiguration;
			buildSettings = {
				ALWAYS_SEARCH_USER_PATHS = NO;
				CLANG_ANALYZER_NONNULL = YES;
				CLANG_ANALYZER_NUMBER_OBJECT_CONVERSION = YES_AGGRESSIVE;
				CLANG_CXX_LANGUAGE_STANDARD = "gnu++20";
				CLANG_ENABLE_MODULES = YES;
				CLANG_ENABLE_OBJC_ARC = YES;
				CLANG_ENABLE_OBJC_WEAK = YES;
				CLANG_WARN_BLOCK_CAPTURE_AUTORELEASING = YES;
				CLANG_WARN_BOOL_CONVERSION = YES;
				CLANG_WARN_COMMA = YES;
				CLANG_WARN_CONSTANT_CONVERSION = YES;
				CLANG_WARN_DEPRECATED_OBJC_IMPLEMENTATIONS = YES;
				CLANG_WARN_DIRECT_OBJC_ISA_USAGE = YES_ERROR;
				CLANG_WARN_DOCUMENTATION_COMMENTS = YES;
				CLANG_WARN_EMPTY_BODY = YES;
				CLANG_WARN_ENUM_CONVERSION = YES;
				CLANG_WARN_INFINITE_RECURSION = YES;
				CLANG_WARN_INT_CONVERSION = YES;
				CLANG_WARN_NON_LITERAL_NULL_CONVERSION = YES;
				CLANG_WARN_OBJC_IMPLICIT_RETAIN_SELF = YES;
				CLANG_WARN_OBJC_LITERAL_CONVERSION = YES;
				CLANG_WARN_OBJC_ROOT_CLASS = YES_ERROR;
				CLANG_WARN_QUOTED_INCLUDE_IN_FRAMEWORK_HEADER = YES;
				CLANG_WARN_RANGE_LOOP_ANALYSIS = YES;
				CLANG_WARN_STRICT_PROTOTYPES = YES;
				CLANG_WARN_SUSPICIOUS_MOVE = YES;
				CLANG_WARN_UNGUARDED_AVAILABILITY = YES_AGGRESSIVE;
				CLANG_WARN_UNREACHABLE_CODE = YES;
				CLANG_WARN__DUPLICATE_METHOD_MATCH = YES;
				COPY_PHASE_STRIP = NO;
				DEBUG_INFORMATION_FORMAT = "dwarf-with-dsym";
				ENABLE_NS_ASSERTIONS = NO;
				ENABLE_STRICT_OBJC_MSGSEND = YES;
				GCC_C_LANGUAGE_STANDARD = gnu11;
				GCC_NO_COMMON_BLOCKS = YES;
				GCC_WARN_64_TO_32_BIT_CONVERSION = YES;
				GCC_WARN_ABOUT_RETURN_TYPE = YES_ERROR;
				GCC_WARN_UNDECLARED_SELECTOR = YES;
				GCC_WARN_UNINITIALIZED_AUTOS = YES_AGGRESSIVE;
				GCC_WARN_UNUSED_FUNCTION = YES;
				GCC_WARN_UNUSED_VARIABLE = YES;
				IPHONEOS_DEPLOYMENT_TARGET = 16.2;
				MTL_ENABLE_DEBUG_INFO = NO;
				MTL_FAST_MATH = YES;
				SDKROOT = iphoneos;
				SWIFT_COMPILATION_MODE = wholemodule;
				SWIFT_OPTIMIZATION_LEVEL = "-O";
				VALIDATE_PRODUCT = YES;
			};
			name = Release;
		};
		9FFA2125298BEC9E001B2D6E /* Debug */ = {
			isa = XCBuildConfiguration;
			buildSettings = {
				ASSETCATALOG_COMPILER_APPICON_NAME = AppIcon;
				ASSETCATALOG_COMPILER_GLOBAL_ACCENT_COLOR_NAME = AccentColor;
				CODE_SIGN_STYLE = Automatic;
				CURRENT_PROJECT_VERSION = 1;
				DEVELOPMENT_ASSET_PATHS = "\"AirCnC_SwiftUI/Preview Content\"";
				DEVELOPMENT_TEAM = XG2837V3H7;
				ENABLE_PREVIEWS = YES;
				GENERATE_INFOPLIST_FILE = YES;
				INFOPLIST_KEY_UIApplicationSceneManifest_Generation = YES;
				INFOPLIST_KEY_UIApplicationSupportsIndirectInputEvents = YES;
				INFOPLIST_KEY_UILaunchScreen_Generation = YES;
				INFOPLIST_KEY_UISupportedInterfaceOrientations_iPad = "UIInterfaceOrientationPortrait UIInterfaceOrientationPortraitUpsideDown UIInterfaceOrientationLandscapeLeft UIInterfaceOrientationLandscapeRight";
				INFOPLIST_KEY_UISupportedInterfaceOrientations_iPhone = "UIInterfaceOrientationPortrait UIInterfaceOrientationLandscapeLeft UIInterfaceOrientationLandscapeRight";
				LD_RUNPATH_SEARCH_PATHS = (
					"$(inherited)",
					"@executable_path/Frameworks",
				);
				MARKETING_VERSION = 1.0;
				PRODUCT_BUNDLE_IDENTIFIER = "com.tedkim.AirCnC-SwiftUI";
				PRODUCT_NAME = "$(TARGET_NAME)";
				SWIFT_EMIT_LOC_STRINGS = YES;
				SWIFT_VERSION = 5.0;
				TARGETED_DEVICE_FAMILY = "1,2";
			};
			name = Debug;
		};
		9FFA2126298BEC9E001B2D6E /* Release */ = {
			isa = XCBuildConfiguration;
			buildSettings = {
				ASSETCATALOG_COMPILER_APPICON_NAME = AppIcon;
				ASSETCATALOG_COMPILER_GLOBAL_ACCENT_COLOR_NAME = AccentColor;
				CODE_SIGN_STYLE = Automatic;
				CURRENT_PROJECT_VERSION = 1;
				DEVELOPMENT_ASSET_PATHS = "\"AirCnC_SwiftUI/Preview Content\"";
				DEVELOPMENT_TEAM = XG2837V3H7;
				ENABLE_PREVIEWS = YES;
				GENERATE_INFOPLIST_FILE = YES;
				INFOPLIST_KEY_UIApplicationSceneManifest_Generation = YES;
				INFOPLIST_KEY_UIApplicationSupportsIndirectInputEvents = YES;
				INFOPLIST_KEY_UILaunchScreen_Generation = YES;
				INFOPLIST_KEY_UISupportedInterfaceOrientations_iPad = "UIInterfaceOrientationPortrait UIInterfaceOrientationPortraitUpsideDown UIInterfaceOrientationLandscapeLeft UIInterfaceOrientationLandscapeRight";
				INFOPLIST_KEY_UISupportedInterfaceOrientations_iPhone = "UIInterfaceOrientationPortrait UIInterfaceOrientationLandscapeLeft UIInterfaceOrientationLandscapeRight";
				LD_RUNPATH_SEARCH_PATHS = (
					"$(inherited)",
					"@executable_path/Frameworks",
				);
				MARKETING_VERSION = 1.0;
				PRODUCT_BUNDLE_IDENTIFIER = "com.tedkim.AirCnC-SwiftUI";
				PRODUCT_NAME = "$(TARGET_NAME)";
				SWIFT_EMIT_LOC_STRINGS = YES;
				SWIFT_VERSION = 5.0;
				TARGETED_DEVICE_FAMILY = "1,2";
			};
			name = Release;
		};
/* End XCBuildConfiguration section */

/* Begin XCConfigurationList section */
		9FFA2111298BEC9D001B2D6E /* Build configuration list for PBXProject "AirCnC_SwiftUI" */ = {
			isa = XCConfigurationList;
			buildConfigurations = (
				9FFA2122298BEC9E001B2D6E /* Debug */,
				9FFA2123298BEC9E001B2D6E /* Release */,
			);
			defaultConfigurationIsVisible = 0;
			defaultConfigurationName = Release;
		};
		9FFA2124298BEC9E001B2D6E /* Build configuration list for PBXNativeTarget "AirCnC_SwiftUI" */ = {
			isa = XCConfigurationList;
			buildConfigurations = (
				9FFA2125298BEC9E001B2D6E /* Debug */,
				9FFA2126298BEC9E001B2D6E /* Release */,
			);
			defaultConfigurationIsVisible = 0;
			defaultConfigurationName = Release;
		};
/* End XCConfigurationList section */
	};
	rootObject = 9FFA210E298BEC9D001B2D6E /* Project object */;
}
